
Microsoft Visual Studio Solution File, Format Version 12.00
# Visual Studio Version 16
VisualStudioVersion = 16.0.29021.104
MinimumVisualStudioVersion = 10.0.40219.1
Project("{9A19103F-16F7-4668-BE54-9A1E7A4F7556}") = "SALsA_Function", "SALsA_Function\SALsA_Function.csproj", "{DAC78764-CC39-4CCB-B03A-7261C63F90C0}"
EndProject
Project("{9A19103F-16F7-4668-BE54-9A1E7A4F7556}") = "SALsA_Exe", "SALsA_Exe\SALsA_Exe.csproj", "{76B94438-B41F-42B9-B99A-5082A2C76289}"
EndProject
Global
	GlobalSection(SolutionConfigurationPlatforms) = preSolution
		Debug|Any CPU = Debug|Any CPU
		Release|Any CPU = Release|Any CPU
	EndGlobalSection
	GlobalSection(ProjectConfigurationPlatforms) = postSolution
		{DAC78764-CC39-4CCB-B03A-7261C63F90C0}.Debug|Any CPU.ActiveCfg = Debug|Any CPU
		{DAC78764-CC39-4CCB-B03A-7261C63F90C0}.Debug|Any CPU.Build.0 = Debug|Any CPU
		{DAC78764-CC39-4CCB-B03A-7261C63F90C0}.Release|Any CPU.ActiveCfg = Release|Any CPU
		{DAC78764-CC39-4CCB-B03A-7261C63F90C0}.Release|Any CPU.Build.0 = Release|Any CPU
		{76B94438-B41F-42B9-B99A-5082A2C76289}.Debug|Any CPU.ActiveCfg = Debug|Any CPU
		{76B94438-B41F-42B9-B99A-5082A2C76289}.Debug|Any CPU.Build.0 = Debug|Any CPU
		{76B94438-B41F-42B9-B99A-5082A2C76289}.Release|Any CPU.ActiveCfg = Release|Any CPU
		{76B94438-B41F-42B9-B99A-5082A2C76289}.Release|Any CPU.Build.0 = Release|Any CPU
	EndGlobalSection
	GlobalSection(SolutionProperties) = preSolution
		HideSolutionNode = FALSE
	EndGlobalSection
	GlobalSection(ExtensibilityGlobals) = postSolution
		SolutionGuid = {B069077B-C239-4679-8052-A30B14DA7ECF}
	EndGlobalSection
EndGlobal
